// !$*UTF8*$!
{
	archiveVersion = 1;
	classes = {
	};
	objectVersion = 56;
	objects = {

/* Begin PBXBuildFile section */
		211350802BCE2CC00007CBBA /* EmotionView.swift in Sources */ = {isa = PBXBuildFile; fileRef = 2113507F2BCE2CC00007CBBA /* EmotionView.swift */; };
		211350822BCE2E130007CBBA /* DetailCell.swift in Sources */ = {isa = PBXBuildFile; fileRef = 211350812BCE2E130007CBBA /* DetailCell.swift */; };
		211350862BCEE2D30007CBBA /* EmotionMainView.swift in Sources */ = {isa = PBXBuildFile; fileRef = 211350852BCEE2D30007CBBA /* EmotionMainView.swift */; };
		211350882BCEE73F0007CBBA /* AllListView.swift in Sources */ = {isa = PBXBuildFile; fileRef = 211350872BCEE73F0007CBBA /* AllListView.swift */; };
		2113508A2BCF504A0007CBBA /* CircleView.swift in Sources */ = {isa = PBXBuildFile; fileRef = 211350892BCF504A0007CBBA /* CircleView.swift */; };
		214462F92BC96FF300C29F51 /* NC1App.swift in Sources */ = {isa = PBXBuildFile; fileRef = 214462F82BC96FF300C29F51 /* NC1App.swift */; };
		214462FB2BC96FF300C29F51 /* MemoCreateView.swift in Sources */ = {isa = PBXBuildFile; fileRef = 214462FA2BC96FF300C29F51 /* MemoCreateView.swift */; };
		214462FD2BC96FF500C29F51 /* Assets.xcassets in Resources */ = {isa = PBXBuildFile; fileRef = 214462FC2BC96FF500C29F51 /* Assets.xcassets */; };
		214463002BC96FF500C29F51 /* Preview Assets.xcassets in Resources */ = {isa = PBXBuildFile; fileRef = 214462FF2BC96FF500C29F51 /* Preview Assets.xcassets */; };
		214463092BC971A900C29F51 /* MemoModel.swift in Sources */ = {isa = PBXBuildFile; fileRef = 214463082BC971A900C29F51 /* MemoModel.swift */; };
		2144630F2BCAF2C400C29F51 /* RootView.swift in Sources */ = {isa = PBXBuildFile; fileRef = 2144630E2BCAF2C400C29F51 /* RootView.swift */; };
		214463112BCAF86100C29F51 /* PartListView.swift in Sources */ = {isa = PBXBuildFile; fileRef = 214463102BCAF86100C29F51 /* PartListView.swift */; };
		214463132BCAFBF500C29F51 /* MemoUpdateView.swift in Sources */ = {isa = PBXBuildFile; fileRef = 214463122BCAFBF500C29F51 /* MemoUpdateView.swift */; };
		214463152BCB041600C29F51 /* CurrentDateView.swift in Sources */ = {isa = PBXBuildFile; fileRef = 214463142BCB041600C29F51 /* CurrentDateView.swift */; };
		21C11E532C81F215002A7411 /* SDMemoModel.swift in Sources */ = {isa = PBXBuildFile; fileRef = 21C11E522C81F215002A7411 /* SDMemoModel.swift */; };
		21C11E562C81F239002A7411 /* ModelContext.swift in Sources */ = {isa = PBXBuildFile; fileRef = 21C11E552C81F239002A7411 /* ModelContext.swift */; };
/* End PBXBuildFile section */

/* Begin PBXFileReference section */
		2113507F2BCE2CC00007CBBA /* EmotionView.swift */ = {isa = PBXFileReference; lastKnownFileType = sourcecode.swift; path = EmotionView.swift; sourceTree = "<group>"; };
		211350812BCE2E130007CBBA /* DetailCell.swift */ = {isa = PBXFileReference; lastKnownFileType = sourcecode.swift; path = DetailCell.swift; sourceTree = "<group>"; };
		211350852BCEE2D30007CBBA /* EmotionMainView.swift */ = {isa = PBXFileReference; lastKnownFileType = sourcecode.swift; path = EmotionMainView.swift; sourceTree = "<group>"; };
		211350872BCEE73F0007CBBA /* AllListView.swift */ = {isa = PBXFileReference; lastKnownFileType = sourcecode.swift; path = AllListView.swift; sourceTree = "<group>"; };
		211350892BCF504A0007CBBA /* CircleView.swift */ = {isa = PBXFileReference; lastKnownFileType = sourcecode.swift; path = CircleView.swift; sourceTree = "<group>"; };
		214462F52BC96FF300C29F51 /* NC1.app */ = {isa = PBXFileReference; explicitFileType = wrapper.application; includeInIndex = 0; path = NC1.app; sourceTree = BUILT_PRODUCTS_DIR; };
		214462F82BC96FF300C29F51 /* NC1App.swift */ = {isa = PBXFileReference; lastKnownFileType = sourcecode.swift; path = NC1App.swift; sourceTree = "<group>"; };
		214462FA2BC96FF300C29F51 /* MemoCreateView.swift */ = {isa = PBXFileReference; lastKnownFileType = sourcecode.swift; path = MemoCreateView.swift; sourceTree = "<group>"; };
		214462FC2BC96FF500C29F51 /* Assets.xcassets */ = {isa = PBXFileReference; lastKnownFileType = folder.assetcatalog; path = Assets.xcassets; sourceTree = "<group>"; };
		214462FF2BC96FF500C29F51 /* Preview Assets.xcassets */ = {isa = PBXFileReference; lastKnownFileType = folder.assetcatalog; path = "Preview Assets.xcassets"; sourceTree = "<group>"; };
		214463082BC971A900C29F51 /* MemoModel.swift */ = {isa = PBXFileReference; lastKnownFileType = sourcecode.swift; path = MemoModel.swift; sourceTree = "<group>"; };
		2144630A2BC9761E00C29F51 /* Info.plist */ = {isa = PBXFileReference; lastKnownFileType = text.plist; path = Info.plist; sourceTree = "<group>"; };
		2144630E2BCAF2C400C29F51 /* RootView.swift */ = {isa = PBXFileReference; lastKnownFileType = sourcecode.swift; path = RootView.swift; sourceTree = "<group>"; };
		214463102BCAF86100C29F51 /* PartListView.swift */ = {isa = PBXFileReference; lastKnownFileType = sourcecode.swift; path = PartListView.swift; sourceTree = "<group>"; };
		214463122BCAFBF500C29F51 /* MemoUpdateView.swift */ = {isa = PBXFileReference; lastKnownFileType = sourcecode.swift; path = MemoUpdateView.swift; sourceTree = "<group>"; };
		214463142BCB041600C29F51 /* CurrentDateView.swift */ = {isa = PBXFileReference; lastKnownFileType = sourcecode.swift; path = CurrentDateView.swift; sourceTree = "<group>"; };
		21C11E522C81F215002A7411 /* SDMemoModel.swift */ = {isa = PBXFileReference; lastKnownFileType = sourcecode.swift; path = SDMemoModel.swift; sourceTree = "<group>"; };
		21C11E552C81F239002A7411 /* ModelContext.swift */ = {isa = PBXFileReference; lastKnownFileType = sourcecode.swift; path = ModelContext.swift; sourceTree = "<group>"; };
/* End PBXFileReference section */

/* Begin PBXFrameworksBuildPhase section */
		214462F22BC96FF300C29F51 /* Frameworks */ = {
			isa = PBXFrameworksBuildPhase;
			buildActionMask = 2147483647;
			files = (
			);
			runOnlyForDeploymentPostprocessing = 0;
		};
/* End PBXFrameworksBuildPhase section */

/* Begin PBXGroup section */
		214462EC2BC96FF300C29F51 = {
			isa = PBXGroup;
			children = (
				214462F72BC96FF300C29F51 /* NC1 */,
				214462F62BC96FF300C29F51 /* Products */,
			);
			sourceTree = "<group>";
		};
		214462F62BC96FF300C29F51 /* Products */ = {
			isa = PBXGroup;
			children = (
				214462F52BC96FF300C29F51 /* NC1.app */,
			);
			name = Products;
			sourceTree = "<group>";
		};
		214462F72BC96FF300C29F51 /* NC1 */ = {
			isa = PBXGroup;
			children = (
				21C11E542C81F228002A7411 /* Extension */,
				214463062BC9701B00C29F51 /* View */,
				214463072BC9702400C29F51 /* Model */,
				2144630B2BC979D700C29F51 /* ViewModel */,
				214462F82BC96FF300C29F51 /* NC1App.swift */,
				2144630A2BC9761E00C29F51 /* Info.plist */,
				214462FC2BC96FF500C29F51 /* Assets.xcassets */,
				214462FE2BC96FF500C29F51 /* Preview Content */,
			);
			path = NC1;
			sourceTree = "<group>";
		};
		214462FE2BC96FF500C29F51 /* Preview Content */ = {
			isa = PBXGroup;
			children = (
				214462FF2BC96FF500C29F51 /* Preview Assets.xcassets */,
			);
			path = "Preview Content";
			sourceTree = "<group>";
		};
		214463062BC9701B00C29F51 /* View */ = {
			isa = PBXGroup;
			children = (
				21C11E512C81F1C7002A7411 /* NewView */,
				21C11E502C81F1AB002A7411 /* OldView */,
			);
			path = View;
			sourceTree = "<group>";
		};
		214463072BC9702400C29F51 /* Model */ = {
			isa = PBXGroup;
			children = (
				214463082BC971A900C29F51 /* MemoModel.swift */,
				21C11E522C81F215002A7411 /* SDMemoModel.swift */,
			);
			path = Model;
			sourceTree = "<group>";
		};
		2144630B2BC979D700C29F51 /* ViewModel */ = {
			isa = PBXGroup;
			children = (
			);
			path = ViewModel;
			sourceTree = "<group>";
		};
		21C11E502C81F1AB002A7411 /* OldView */ = {
			isa = PBXGroup;
			children = (
				211350872BCEE73F0007CBBA /* AllListView.swift */,
				211350892BCF504A0007CBBA /* CircleView.swift */,
				214463142BCB041600C29F51 /* CurrentDateView.swift */,
				211350812BCE2E130007CBBA /* DetailCell.swift */,
				211350852BCEE2D30007CBBA /* EmotionMainView.swift */,
				2113507F2BCE2CC00007CBBA /* EmotionView.swift */,
				214462FA2BC96FF300C29F51 /* MemoCreateView.swift */,
				214463122BCAFBF500C29F51 /* MemoUpdateView.swift */,
				214463102BCAF86100C29F51 /* PartListView.swift */,
				2144630E2BCAF2C400C29F51 /* RootView.swift */,
			);
			path = OldView;
			sourceTree = "<group>";
		};
		21C11E512C81F1C7002A7411 /* NewView */ = {
			isa = PBXGroup;
			children = (
			);
			path = NewView;
			sourceTree = "<group>";
		};
		21C11E542C81F228002A7411 /* Extension */ = {
			isa = PBXGroup;
			children = (
				21C11E552C81F239002A7411 /* ModelContext.swift */,
			);
			path = Extension;
			sourceTree = "<group>";
		};
/* End PBXGroup section */

/* Begin PBXNativeTarget section */
		214462F42BC96FF300C29F51 /* NC1 */ = {
			isa = PBXNativeTarget;
			buildConfigurationList = 214463032BC96FF500C29F51 /* Build configuration list for PBXNativeTarget "NC1" */;
			buildPhases = (
				214462F12BC96FF300C29F51 /* Sources */,
				214462F22BC96FF300C29F51 /* Frameworks */,
				214462F32BC96FF300C29F51 /* Resources */,
			);
			buildRules = (
			);
			dependencies = (
			);
			name = NC1;
			productName = NC1;
			productReference = 214462F52BC96FF300C29F51 /* NC1.app */;
			productType = "com.apple.product-type.application";
		};
/* End PBXNativeTarget section */

/* Begin PBXProject section */
		214462ED2BC96FF300C29F51 /* Project object */ = {
			isa = PBXProject;
			attributes = {
				BuildIndependentTargetsInParallel = 1;
				LastSwiftUpdateCheck = 1520;
				LastUpgradeCheck = 1520;
				TargetAttributes = {
					214462F42BC96FF300C29F51 = {
						CreatedOnToolsVersion = 15.2;
					};
				};
			};
			buildConfigurationList = 214462F02BC96FF300C29F51 /* Build configuration list for PBXProject "NC1" */;
			compatibilityVersion = "Xcode 14.0";
			developmentRegion = en;
			hasScannedForEncodings = 0;
			knownRegions = (
				en,
				Base,
			);
			mainGroup = 214462EC2BC96FF300C29F51;
			productRefGroup = 214462F62BC96FF300C29F51 /* Products */;
			projectDirPath = "";
			projectRoot = "";
			targets = (
				214462F42BC96FF300C29F51 /* NC1 */,
			);
		};
/* End PBXProject section */

/* Begin PBXResourcesBuildPhase section */
		214462F32BC96FF300C29F51 /* Resources */ = {
			isa = PBXResourcesBuildPhase;
			buildActionMask = 2147483647;
			files = (
				214463002BC96FF500C29F51 /* Preview Assets.xcassets in Resources */,
				214462FD2BC96FF500C29F51 /* Assets.xcassets in Resources */,
			);
			runOnlyForDeploymentPostprocessing = 0;
		};
/* End PBXResourcesBuildPhase section */

/* Begin PBXSourcesBuildPhase section */
		214462F12BC96FF300C29F51 /* Sources */ = {
			isa = PBXSourcesBuildPhase;
			buildActionMask = 2147483647;
			files = (
				2113508A2BCF504A0007CBBA /* CircleView.swift in Sources */,
				21C11E562C81F239002A7411 /* ModelContext.swift in Sources */,
				214462FB2BC96FF300C29F51 /* MemoCreateView.swift in Sources */,
				21C11E532C81F215002A7411 /* SDMemoModel.swift in Sources */,
				214462F92BC96FF300C29F51 /* NC1App.swift in Sources */,
				211350802BCE2CC00007CBBA /* EmotionView.swift in Sources */,
				214463152BCB041600C29F51 /* CurrentDateView.swift in Sources */,
				211350862BCEE2D30007CBBA /* EmotionMainView.swift in Sources */,
				214463112BCAF86100C29F51 /* PartListView.swift in Sources */,
				211350882BCEE73F0007CBBA /* AllListView.swift in Sources */,
				214463132BCAFBF500C29F51 /* MemoUpdateView.swift in Sources */,
				211350822BCE2E130007CBBA /* DetailCell.swift in Sources */,
				2144630F2BCAF2C400C29F51 /* RootView.swift in Sources */,
				214463092BC971A900C29F51 /* MemoModel.swift in Sources */,
			);
			runOnlyForDeploymentPostprocessing = 0;
		};
/* End PBXSourcesBuildPhase section */

/* Begin XCBuildConfiguration section */
		214463012BC96FF500C29F51 /* Debug */ = {
			isa = XCBuildConfiguration;
			buildSettings = {
				ALWAYS_SEARCH_USER_PATHS = NO;
				ASSETCATALOG_COMPILER_GENERATE_SWIFT_ASSET_SYMBOL_EXTENSIONS = YES;
				CLANG_ANALYZER_NONNULL = YES;
				CLANG_ANALYZER_NUMBER_OBJECT_CONVERSION = YES_AGGRESSIVE;
				CLANG_CXX_LANGUAGE_STANDARD = "gnu++20";
				CLANG_ENABLE_MODULES = YES;
				CLANG_ENABLE_OBJC_ARC = YES;
				CLANG_ENABLE_OBJC_WEAK = YES;
				CLANG_WARN_BLOCK_CAPTURE_AUTORELEASING = YES;
				CLANG_WARN_BOOL_CONVERSION = YES;
				CLANG_WARN_COMMA = YES;
				CLANG_WARN_CONSTANT_CONVERSION = YES;
				CLANG_WARN_DEPRECATED_OBJC_IMPLEMENTATIONS = YES;
				CLANG_WARN_DIRECT_OBJC_ISA_USAGE = YES_ERROR;
				CLANG_WARN_DOCUMENTATION_COMMENTS = YES;
				CLANG_WARN_EMPTY_BODY = YES;
				CLANG_WARN_ENUM_CONVERSION = YES;
				CLANG_WARN_INFINITE_RECURSION = YES;
				CLANG_WARN_INT_CONVERSION = YES;
				CLANG_WARN_NON_LITERAL_NULL_CONVERSION = YES;
				CLANG_WARN_OBJC_IMPLICIT_RETAIN_SELF = YES;
				CLANG_WARN_OBJC_LITERAL_CONVERSION = YES;
				CLANG_WARN_OBJC_ROOT_CLASS = YES_ERROR;
				CLANG_WARN_QUOTED_INCLUDE_IN_FRAMEWORK_HEADER = YES;
				CLANG_WARN_RANGE_LOOP_ANALYSIS = YES;
				CLANG_WARN_STRICT_PROTOTYPES = YES;
				CLANG_WARN_SUSPICIOUS_MOVE = YES;
				CLANG_WARN_UNGUARDED_AVAILABILITY = YES_AGGRESSIVE;
				CLANG_WARN_UNREACHABLE_CODE = YES;
				CLANG_WARN__DUPLICATE_METHOD_MATCH = YES;
				COPY_PHASE_STRIP = NO;
				DEBUG_INFORMATION_FORMAT = dwarf;
				ENABLE_STRICT_OBJC_MSGSEND = YES;
				ENABLE_TESTABILITY = YES;
				ENABLE_USER_SCRIPT_SANDBOXING = YES;
				GCC_C_LANGUAGE_STANDARD = gnu17;
				GCC_DYNAMIC_NO_PIC = NO;
				GCC_NO_COMMON_BLOCKS = YES;
				GCC_OPTIMIZATION_LEVEL = 0;
				GCC_PREPROCESSOR_DEFINITIONS = (
					"DEBUG=1",
					"$(inherited)",
				);
				GCC_WARN_64_TO_32_BIT_CONVERSION = YES;
				GCC_WARN_ABOUT_RETURN_TYPE = YES_ERROR;
				GCC_WARN_UNDECLARED_SELECTOR = YES;
				GCC_WARN_UNINITIALIZED_AUTOS = YES_AGGRESSIVE;
				GCC_WARN_UNUSED_FUNCTION = YES;
				GCC_WARN_UNUSED_VARIABLE = YES;
				IPHONEOS_DEPLOYMENT_TARGET = 17.0;
				LOCALIZATION_PREFERS_STRING_CATALOGS = YES;
				MTL_ENABLE_DEBUG_INFO = INCLUDE_SOURCE;
				MTL_FAST_MATH = YES;
				ONLY_ACTIVE_ARCH = YES;
				SDKROOT = iphoneos;
				SWIFT_ACTIVE_COMPILATION_CONDITIONS = "DEBUG $(inherited)";
				SWIFT_OPTIMIZATION_LEVEL = "-Onone";
			};
			name = Debug;
		};
		214463022BC96FF500C29F51 /* Release */ = {
			isa = XCBuildConfiguration;
			buildSettings = {
				ALWAYS_SEARCH_USER_PATHS = NO;
				ASSETCATALOG_COMPILER_GENERATE_SWIFT_ASSET_SYMBOL_EXTENSIONS = YES;
				CLANG_ANALYZER_NONNULL = YES;
				CLANG_ANALYZER_NUMBER_OBJECT_CONVERSION = YES_AGGRESSIVE;
				CLANG_CXX_LANGUAGE_STANDARD = "gnu++20";
				CLANG_ENABLE_MODULES = YES;
				CLANG_ENABLE_OBJC_ARC = YES;
				CLANG_ENABLE_OBJC_WEAK = YES;
				CLANG_WARN_BLOCK_CAPTURE_AUTORELEASING = YES;
				CLANG_WARN_BOOL_CONVERSION = YES;
				CLANG_WARN_COMMA = YES;
				CLANG_WARN_CONSTANT_CONVERSION = YES;
				CLANG_WARN_DEPRECATED_OBJC_IMPLEMENTATIONS = YES;
				CLANG_WARN_DIRECT_OBJC_ISA_USAGE = YES_ERROR;
				CLANG_WARN_DOCUMENTATION_COMMENTS = YES;
				CLANG_WARN_EMPTY_BODY = YES;
				CLANG_WARN_ENUM_CONVERSION = YES;
				CLANG_WARN_INFINITE_RECURSION = YES;
				CLANG_WARN_INT_CONVERSION = YES;
				CLANG_WARN_NON_LITERAL_NULL_CONVERSION = YES;
				CLANG_WARN_OBJC_IMPLICIT_RETAIN_SELF = YES;
				CLANG_WARN_OBJC_LITERAL_CONVERSION = YES;
				CLANG_WARN_OBJC_ROOT_CLASS = YES_ERROR;
				CLANG_WARN_QUOTED_INCLUDE_IN_FRAMEWORK_HEADER = YES;
				CLANG_WARN_RANGE_LOOP_ANALYSIS = YES;
				CLANG_WARN_STRICT_PROTOTYPES = YES;
				CLANG_WARN_SUSPICIOUS_MOVE = YES;
				CLANG_WARN_UNGUARDED_AVAILABILITY = YES_AGGRESSIVE;
				CLANG_WARN_UNREACHABLE_CODE = YES;
				CLANG_WARN__DUPLICATE_METHOD_MATCH = YES;
				COPY_PHASE_STRIP = NO;
				DEBUG_INFORMATION_FORMAT = "dwarf-with-dsym";
				ENABLE_NS_ASSERTIONS = NO;
				ENABLE_STRICT_OBJC_MSGSEND = YES;
				ENABLE_USER_SCRIPT_SANDBOXING = YES;
				GCC_C_LANGUAGE_STANDARD = gnu17;
				GCC_NO_COMMON_BLOCKS = YES;
				GCC_WARN_64_TO_32_BIT_CONVERSION = YES;
				GCC_WARN_ABOUT_RETURN_TYPE = YES_ERROR;
				GCC_WARN_UNDECLARED_SELECTOR = YES;
				GCC_WARN_UNINITIALIZED_AUTOS = YES_AGGRESSIVE;
				GCC_WARN_UNUSED_FUNCTION = YES;
				GCC_WARN_UNUSED_VARIABLE = YES;
				IPHONEOS_DEPLOYMENT_TARGET = 17.0;
				LOCALIZATION_PREFERS_STRING_CATALOGS = YES;
				MTL_ENABLE_DEBUG_INFO = NO;
				MTL_FAST_MATH = YES;
				SDKROOT = iphoneos;
				SWIFT_COMPILATION_MODE = wholemodule;
				VALIDATE_PRODUCT = YES;
			};
			name = Release;
		};
		214463042BC96FF500C29F51 /* Debug */ = {
			isa = XCBuildConfiguration;
			buildSettings = {
				ASSETCATALOG_COMPILER_APPICON_NAME = AppIcon;
				ASSETCATALOG_COMPILER_GLOBAL_ACCENT_COLOR_NAME = AccentColor;
				CODE_SIGN_IDENTITY = "Apple Development";
				CODE_SIGN_STYLE = Automatic;
				CURRENT_PROJECT_VERSION = 1;
				DEVELOPMENT_ASSET_PATHS = "\"NC1/Preview Content\"";
				DEVELOPMENT_TEAM = F5WP2FDW4U;
				ENABLE_PREVIEWS = YES;
				GENERATE_INFOPLIST_FILE = YES;
				INFOPLIST_FILE = NC1/Info.plist;
				INFOPLIST_KEY_LSSupportsOpeningDocumentsInPlace = YES;
				INFOPLIST_KEY_UIApplicationSceneManifest_Generation = YES;
				INFOPLIST_KEY_UIApplicationSupportsIndirectInputEvents = YES;
				INFOPLIST_KEY_UILaunchScreen_Generation = YES;
				INFOPLIST_KEY_UISupportedInterfaceOrientations_iPad = "UIInterfaceOrientationPortrait UIInterfaceOrientationPortraitUpsideDown UIInterfaceOrientationLandscapeLeft UIInterfaceOrientationLandscapeRight";
				INFOPLIST_KEY_UISupportedInterfaceOrientations_iPhone = "UIInterfaceOrientationPortrait UIInterfaceOrientationLandscapeLeft UIInterfaceOrientationLandscapeRight";
				IPHONEOS_DEPLOYMENT_TARGET = 17.0;
				LD_RUNPATH_SEARCH_PATHS = (
					"$(inherited)",
					"@executable_path/Frameworks",
				);
				MARKETING_VERSION = 1.0;
				PRODUCT_BUNDLE_IDENTIFIER = com.ADA.NC1;
				PRODUCT_NAME = "$(TARGET_NAME)";
				PROVISIONING_PROFILE_SPECIFIER = "";
				SWIFT_EMIT_LOC_STRINGS = YES;
				SWIFT_VERSION = 5.0;
				TARGETED_DEVICE_FAMILY = "1,2";
			};
			name = Debug;
		};
		214463052BC96FF500C29F51 /* Release */ = {
			isa = XCBuildConfiguration;
			buildSettings = {
				ASSETCATALOG_COMPILER_APPICON_NAME = AppIcon;
				ASSETCATALOG_COMPILER_GLOBAL_ACCENT_COLOR_NAME = AccentColor;
				CODE_SIGN_IDENTITY = "Apple Development";
				CODE_SIGN_STYLE = Automatic;
				CURRENT_PROJECT_VERSION = 1;
				DEVELOPMENT_ASSET_PATHS = "\"NC1/Preview Content\"";
				DEVELOPMENT_TEAM = F5WP2FDW4U;
				ENABLE_PREVIEWS = YES;
				GENERATE_INFOPLIST_FILE = YES;
				INFOPLIST_FILE = NC1/Info.plist;
				INFOPLIST_KEY_LSSupportsOpeningDocumentsInPlace = YES;
				INFOPLIST_KEY_UIApplicationSceneManifest_Generation = YES;
				INFOPLIST_KEY_UIApplicationSupportsIndirectInputEvents = YES;
				INFOPLIST_KEY_UILaunchScreen_Generation = YES;
				INFOPLIST_KEY_UISupportedInterfaceOrientations_iPad = "UIInterfaceOrientationPortrait UIInterfaceOrientationPortraitUpsideDown UIInterfaceOrientationLandscapeLeft UIInterfaceOrientationLandscapeRight";
				INFOPLIST_KEY_UISupportedInterfaceOrientations_iPhone = "UIInterfaceOrientationPortrait UIInterfaceOrientationLandscapeLeft UIInterfaceOrientationLandscapeRight";
				IPHONEOS_DEPLOYMENT_TARGET = 17.0;
				LD_RUNPATH_SEARCH_PATHS = (
					"$(inherited)",
					"@executable_path/Frameworks",
				);
				MARKETING_VERSION = 1.0;
				PRODUCT_BUNDLE_IDENTIFIER = com.ADA.NC1;
				PRODUCT_NAME = "$(TARGET_NAME)";
				PROVISIONING_PROFILE_SPECIFIER = "";
				SWIFT_EMIT_LOC_STRINGS = YES;
				SWIFT_VERSION = 5.0;
				TARGETED_DEVICE_FAMILY = "1,2";
			};
			name = Release;
		};
/* End XCBuildConfiguration section */

/* Begin XCConfigurationList section */
		214462F02BC96FF300C29F51 /* Build configuration list for PBXProject "NC1" */ = {
			isa = XCConfigurationList;
			buildConfigurations = (
				214463012BC96FF500C29F51 /* Debug */,
				214463022BC96FF500C29F51 /* Release */,
			);
			defaultConfigurationIsVisible = 0;
			defaultConfigurationName = Release;
		};
		214463032BC96FF500C29F51 /* Build configuration list for PBXNativeTarget "NC1" */ = {
			isa = XCConfigurationList;
			buildConfigurations = (
				214463042BC96FF500C29F51 /* Debug */,
				214463052BC96FF500C29F51 /* Release */,
			);
			defaultConfigurationIsVisible = 0;
			defaultConfigurationName = Release;
		};
/* End XCConfigurationList section */
	};
	rootObject = 214462ED2BC96FF300C29F51 /* Project object */;
}
